{
  "name": "pdf-inspector",
  "version": "1.0.0",
  "lockfileVersion": 3,
  "requires": true,
  "packages": {
    "": {
      "name": "pdf-inspector",
      "version": "1.0.0",
      "license": "ISC",
      "dependencies": {
        "@firecrawl/pdf-inspector": "^1.12.0"
      }
    },
    "node_modules/@firecrawl/pdf-inspector": {
      "version": "1.14.2",
      "resolved": "https://registry.npmjs.org/@firecrawl/pdf-inspector/-/pdf-inspector-1.14.2.tgz",
      "integrity": "sha512-JHC5uk1vnjfzm6JdO2u7zyHoiL5Xg7R59LquAmKhwV5R+ofStlsM5tBlw4Bhl9JRyaDilUEhpaysZ+1aFeRJ+g==",
      "license": "MIT",
      "bin": {
        "pdf-inspector": "bin/pdf-inspector.mjs"
      },
      "optionalDependencies": {
        "@firecrawl/pdf-inspector-darwin-arm64": "1.14.2",
        "@firecrawl/pdf-inspector-linux-arm64-gnu": "1.14.2",
        "@firecrawl/pdf-inspector-linux-arm64-musl": "1.14.2",
        "@firecrawl/pdf-inspector-linux-x64-gnu": "1.14.2",
        "@firecrawl/pdf-inspector-linux-x64-musl": "1.14.2",
        "@firecrawl/pdf-inspector-win32-x64-msvc": "1.14.2"
      }
    },
    "node_modules/@firecrawl/pdf-inspector-darwin-arm64": {
      "version": "1.14.2",
      "resolved": "https://registry.npmjs.org/@firecrawl/pdf-inspector-darwin-arm64/-/pdf-inspector-darwin-arm64-1.14.2.tgz",
      "integrity": "sha512-HXkyDRS+C+2UKm4axYOmFCp7IETXYlSLBuTMsFbQ9az9nBvEjAS55ZPvJoZYD0VFqt0bye0OmzFWLGuATC087Q==",
      "cpu": [
        "arm64"
      ],
      "license": "MIT",
      "optional": true,
      "os": [
        "darwin"
      ],
      "engines": {
        "node": ">= 10"
      }
    },
    "node_modules/@firecrawl/pdf-inspector-linux-arm64-gnu": {
      "version": "1.14.2",
      "resolved": "https://registry.npmjs.org/@firecrawl/pdf-inspector-linux-arm64-gnu/-/pdf-inspector-linux-arm64-gnu-1.14.2.tgz",
      "integrity": "sha512-GpZlM2XY2w/z4VwDjFDz9pS92DAJuyNGxCbEjc9uHG3mxm0O9K5CXawWFxbLZBpZ1C8mfMQRIeYMdBIYqzlr4Q==",
      "cpu": [
        "arm64"
      ],
      "libc": [
        "glibc"
      ],
      "license": "MIT",
      "optional": true,
      "os": [
        "linux"
      ],
      "engines": {
        "node": ">= 10"
      }
    },
    "node_modules/@firecrawl/pdf-inspector-linux-arm64-musl": {
      "version": "1.14.2",
      "resolved": "https://registry.npmjs.org/@firecrawl/pdf-inspector-linux-arm64-musl/-/pdf-inspector-linux-arm64-musl-1.14.2.tgz",
      "integrity": "sha512-qWinxJ59L4UEZe5W3/R8137nvGAjqf2rog11IeV7sqbVxYevlnzkFDplMjVdOVfZcJyvxX7Vbagz69tYRdbYVQ==",
      "cpu": [
        "arm64"
      ],
      "libc": [
        "musl"
      ],
      "license": "MIT",
      "optional": true,
      "os": [
        "linux"
      ],
      "engines": {
        "node": ">= 10"
      }
    },
    "node_modules/@firecrawl/pdf-inspector-linux-x64-gnu": {
      "version": "1.14.2",
      "resolved": "https://registry.npmjs.org/@firecrawl/pdf-inspector-linux-x64-gnu/-/pdf-inspector-linux-x64-gnu-1.14.2.tgz",
      "integrity": "sha512-kcQbAOak9DbaN1wUywT1Id3pXQaW7p+MhbVV5Nzbn8MZGC6N1iLky3OzFTHzjaAWNNBgid56WScMg87AVjHFEg==",
      "cpu": [
        "x64"
      ],
      "libc": [
        "glibc"
      ],
      "license": "MIT",
      "optional": true,
      "os": [
        "linux"
      ],
      "engines": {
        "node": ">= 10"
      }
    },
    "node_modules/@firecrawl/pdf-inspector-linux-x64-musl": {
      "version": "1.14.2",
      "resolved": "https://registry.npmjs.org/@firecrawl/pdf-inspector-linux-x64-musl/-/pdf-inspector-linux-x64-musl-1.14.2.tgz",
      "integrity": "sha512-MasigWZ9G9PirVV5r366U6daLzfz0yjXgNsIcedA4/S6UchcWTJ3E7le5jtm3L7kLVMFRtapoKxqUezwU8+7TA==",
      "cpu": [
        "x64"
      ],
      "libc": [
        "musl"
      ],
      "license": "MIT",
      "optional": true,
      "os": [
        "linux"
      ],
      "engines": {
        "node": ">= 10"
      }
    },
    "node_modules/@firecrawl/pdf-inspector-win32-x64-msvc": {
      "version": "1.14.2",
      "resolved": "https://registry.npmjs.org/@firecrawl/pdf-inspector-win32-x64-msvc/-/pdf-inspector-win32-x64-msvc-1.14.2.tgz",
      "integrity": "sha512-SW6pTvuFmc6tLTlV93uSGkGwpaFksA9ua1Va70YCbBW7Q38pZeV4lU6rKDrglYq3XFqnkbz6M/NAIPJq943E1A==",
      "cpu": [
        "x64"
      ],
      "license": "MIT",
      "optional": true,
      "os": [
        "win32"
      ],
      "engines": {
        "node": ">= 10"
      }
    }
  }
}
