{
  "name": "pdf-inspector",
  "version": "1.0.0",
  "lockfileVersion": 3,
  "requires": true,
  "packages": {
    "": {
      "name": "pdf-inspector",
      "version": "1.0.0",
      "license": "ISC",
      "dependencies": {
        "@firecrawl/pdf-inspector": "^1.12.0"
      }
    },
    "node_modules/@firecrawl/pdf-inspector": {
      "version": "1.12.0",
      "resolved": "https://registry.npmmirror.com/@firecrawl/pdf-inspector/-/pdf-inspector-1.12.0.tgz",
      "integrity": "sha512-Gfn1ltmqyAwvrb+M46MwII0JZ7a1w1ZMItHMmJgC0aQmU8NoFJiP0YwTicm4pfc4dv3Upr7+shBqC9d/2QCwSw==",
      "license": "MIT",
      "bin": {
        "pdf-inspector": "bin/pdf-inspector.mjs"
      },
      "optionalDependencies": {
        "@firecrawl/pdf-inspector-darwin-arm64": "1.12.0",
        "@firecrawl/pdf-inspector-linux-arm64-gnu": "1.12.0",
        "@firecrawl/pdf-inspector-linux-arm64-musl": "1.12.0",
        "@firecrawl/pdf-inspector-linux-x64-gnu": "1.12.0",
        "@firecrawl/pdf-inspector-linux-x64-musl": "1.12.0",
        "@firecrawl/pdf-inspector-win32-x64-msvc": "1.12.0"
      }
    },
    "node_modules/@firecrawl/pdf-inspector-darwin-arm64": {
      "version": "1.12.0",
      "resolved": "https://registry.npmmirror.com/@firecrawl/pdf-inspector-darwin-arm64/-/pdf-inspector-darwin-arm64-1.12.0.tgz",
      "integrity": "sha512-6iOsh28po59EVoLyF4vtdps6pgoORak2e0sul4XIOY7QK/TdvWWB7Xsy05Nf7UvxYVgEFHkNQf10G2o1Sy9Rpg==",
      "cpu": [
        "arm64"
      ],
      "license": "MIT",
      "optional": true,
      "os": [
        "darwin"
      ],
      "engines": {
        "node": ">= 10"
      }
    },
    "node_modules/@firecrawl/pdf-inspector-linux-arm64-gnu": {
      "version": "1.12.0",
      "resolved": "https://registry.npmmirror.com/@firecrawl/pdf-inspector-linux-arm64-gnu/-/pdf-inspector-linux-arm64-gnu-1.12.0.tgz",
      "integrity": "sha512-c25eoPAWmnREixGOXqecPv59Md5gQyu9lWqmOfh1cTpKB7CaRkpeLrDmm6DSVg6TUpLZ21vwgnE7q40eFupesA==",
      "cpu": [
        "arm64"
      ],
      "license": "MIT",
      "optional": true,
      "os": [
        "linux"
      ],
      "engines": {
        "node": ">= 10"
      }
    },
    "node_modules/@firecrawl/pdf-inspector-linux-arm64-musl": {
      "version": "1.12.0",
      "resolved": "https://registry.npmmirror.com/@firecrawl/pdf-inspector-linux-arm64-musl/-/pdf-inspector-linux-arm64-musl-1.12.0.tgz",
      "integrity": "sha512-IbC4PuuTZu7jxzN9rRAavz1kFst8C5qHq0/A5LW3CaxiCPA2X1SW6PvJNjCBVQCUtXjqhAL3Qpb2gbqdp+Gzuw==",
      "cpu": [
        "arm64"
      ],
      "license": "MIT",
      "optional": true,
      "os": [
        "linux"
      ],
      "engines": {
        "node": ">= 10"
      }
    },
    "node_modules/@firecrawl/pdf-inspector-linux-x64-gnu": {
      "version": "1.12.0",
      "resolved": "https://registry.npmmirror.com/@firecrawl/pdf-inspector-linux-x64-gnu/-/pdf-inspector-linux-x64-gnu-1.12.0.tgz",
      "integrity": "sha512-EaydxMqBQn0AUEpG0kcoPbXIxIAOZwVYPCRQ1yCRbqGDYaoEtjF/KKBi0heoc3TzcO4G3BxdBATDduHU+4lJxQ==",
      "cpu": [
        "x64"
      ],
      "license": "MIT",
      "optional": true,
      "os": [
        "linux"
      ],
      "engines": {
        "node": ">= 10"
      }
    },
    "node_modules/@firecrawl/pdf-inspector-linux-x64-musl": {
      "version": "1.12.0",
      "resolved": "https://registry.npmmirror.com/@firecrawl/pdf-inspector-linux-x64-musl/-/pdf-inspector-linux-x64-musl-1.12.0.tgz",
      "integrity": "sha512-Jg+zyPHmjMNqTULCx3+hv6BOOK0JYXUqJ4IbZJBnis+ZnA+u+Kg/GCSMVPWCIlZT8edqskXXOMLC3VlNrpGbqw==",
      "cpu": [
        "x64"
      ],
      "license": "MIT",
      "optional": true,
      "os": [
        "linux"
      ],
      "engines": {
        "node": ">= 10"
      }
    },
    "node_modules/@firecrawl/pdf-inspector-win32-x64-msvc": {
      "version": "1.12.0",
      "resolved": "https://registry.npmmirror.com/@firecrawl/pdf-inspector-win32-x64-msvc/-/pdf-inspector-win32-x64-msvc-1.12.0.tgz",
      "integrity": "sha512-FeSrs6mAlY6nMq4qXWQDyd1ED1vwx99J7ZTs6ohFKlBCQ2i/64sFO9r0ZOsmddSq7cfxt4tCLSmXYLzRGF+tsQ==",
      "cpu": [
        "x64"
      ],
      "license": "MIT",
      "optional": true,
      "os": [
        "win32"
      ],
      "engines": {
        "node": ">= 10"
      }
    }
  }
}
